
Microsoft Visual Studio Solution File, Format Version 12.00
Project("{FAE04EC0-301F-11D3-BF4B-00C04F79EFBC}") = "Mariner", "Mariner.csproj", "{13BA7C2B-0743-43FB-9E7D-CB7C5D6BCDCB}"
EndProject
Global
	GlobalSection(SolutionConfigurationPlatforms) = preSolution
		Debug|Any CPU = Debug|Any CPU
		ExportDebug|Any CPU = ExportDebug|Any CPU
		ExportRelease|Any CPU = ExportRelease|Any CPU
	EndGlobalSection
	GlobalSection(ProjectConfigurationPlatforms) = postSolution
		{13BA7C2B-0743-43FB-9E7D-CB7C5D6BCDCB}.Debug|Any CPU.ActiveCfg = Debug|Any CPU
		{13BA7C2B-0743-43FB-9E7D-CB7C5D6BCDCB}.Debug|Any CPU.Build.0 = Debug|Any CPU
		{13BA7C2B-0743-43FB-9E7D-CB7C5D6BCDCB}.ExportDebug|Any CPU.ActiveCfg = ExportDebug|Any CPU
		{13BA7C2B-0743-43FB-9E7D-CB7C5D6BCDCB}.ExportDebug|Any CPU.Build.0 = ExportDebug|Any CPU
		{13BA7C2B-0743-43FB-9E7D-CB7C5D6BCDCB}.ExportRelease|Any CPU.ActiveCfg = ExportRelease|Any CPU
		{13BA7C2B-0743-43FB-9E7D-CB7C5D6BCDCB}.ExportRelease|Any CPU.Build.0 = ExportRelease|Any CPU
	EndGlobalSection
EndGlobal
